# WorkSphere Locked Production Dependencies
# Generated for Python 3.12 / 3.11 / 3.10
Django==5.0.3 --hash=sha256:4d7c041926bc2bf13c8ad6653df8f9f8c6b907f90f2095f9c5d1e2e1d7d54407
asgiref==3.7.2 --hash=sha256:9af030386cfb9921473215579f156d11f77d54ef4806a6b57db455dfb7fb93e5
sqlparse==0.4.4 --hash=sha256:d4461c3d9773bc634c38eb92fd82523783011f33ee297a0077e394fe9b7da7ab
tzdata==2024.1 --hash=sha256:2b8f886f7b3c43f7737f2f65a198c6422cc0d23fb5e52ea35b6a71cb0a840938
celery==5.3.6 --hash=sha256:f15682cb38090543e34b1238b7e2832876007e059128f731c26b48855476a6e5
redis==5.0.1 --hash=sha256:d6b63d919864293ca910901e8556637ef394541bf78546b5270912185781a954
Pillow==10.2.0 --hash=sha256:f23901b0e9d9972bc58a0a0304a59f93539a2d2182046ff4be93dfcc5d549f70
pytest==8.0.2 --hash=sha256:43ff8e90632ff456e79dc0ffdb7cfba4025d04ccba33d02e86fa604fa5307bca
pytest-django==4.8.0 --hash=sha256:a6ef803e33f3bc616611ef6236b2803b8e7343e8c0490b4353a27774d0932da1
coverage==7.4.4 --hash=sha256:f264871e847ec3a1d959b87a8b3e8e19c0b784a0d92305e557b49467776b3cf7
